
Microsoft Visual Studio Solution File, Format Version 12.00
# Visual Studio Version 17
VisualStudioVersion = 17.8.34322.80
MinimumVisualStudioVersion = 10.0.40219.1
Project("{2150E333-8FDC-42A3-9474-1A3956D46DE8}") = "Test", "Test", "{0FD654B5-A274-4D41-BA96-6C2A40CB5EAA}"
EndProject
Project("{2150E333-8FDC-42A3-9474-1A3956D46DE8}") = "src", "src", "{C8AD6F98-6317-47F1-B2CE-FEFDF4D231F1}"
EndProject
Project("{2150E333-8FDC-42A3-9474-1A3956D46DE8}") = "01-EndPoint", "01-EndPoint", "{5E773D1D-92D1-415D-923E-5338C6057105}"
EndProject
Project("{9A19103F-16F7-4668-BE54-9A1E7A4F7556}") = "TreatmentManagement.Domain", "TreatmentManagement.Domain\TreatmentManagement.Domain.csproj", "{B9C81FA0-A330-4412-91FF-2B3E83C388E3}"
EndProject
Project("{2150E333-8FDC-42A3-9474-1A3956D46DE8}") = "00-Framework", "00-Framework", "{CB8E2704-E120-4D4F-9153-52D9C462BD88}"
EndProject
Project("{9A19103F-16F7-4668-BE54-9A1E7A4F7556}") = "Physioline.Framework.Domain", "Physioline.Framework.Domain\Physioline.Framework.Domain.csproj", "{0C5507B4-9DDE-40DE-BB22-26931D9B3E6A}"
EndProject
Project("{9A19103F-16F7-4668-BE54-9A1E7A4F7556}") = "TreatmentManagement.Infrastructure.EntityFrameworkCore", "TreatmentManagement.Infrastructure.EntityFrameworkCore\TreatmentManagement.Infrastructure.EntityFrameworkCore.csproj", "{60C51EBA-A355-41F5-B9B4-709564FC4684}"
EndProject
Project("{9A19103F-16F7-4668-BE54-9A1E7A4F7556}") = "TreatmentManagement.Infrastructure.Configuration", "TreatmentManagement.Infrastructure.Configuration\TreatmentManagement.Infrastructure.Configuration.csproj", "{25ACFB9C-8E96-4412-A1FD-E233F412BB09}"
EndProject
Project("{FAE04EC0-301F-11D3-BF4B-00C04F79EFBC}") = "Physioline.Endpoint.WebAPI", "Physioline.Endpoint.WebAPI\Physioline.Endpoint.WebAPI.csproj", "{C93DCCE5-634E-4ECD-85D8-907C9374E8FF}"
EndProject
Project("{2150E333-8FDC-42A3-9474-1A3956D46DE8}") = "TreatmentManagement", "TreatmentManagement", "{908A9815-6ED8-4B7D-84B9-42E68A3D52FF}"
EndProject
Project("{FAE04EC0-301F-11D3-BF4B-00C04F79EFBC}") = "TreatmentManagement.ApplicationContracts", "TreatmentManagement.ApplicationContracts\TreatmentManagement.ApplicationContracts.csproj", "{88A57797-3330-451C-9951-FBE92CB13AAF}"
EndProject
Project("{FAE04EC0-301F-11D3-BF4B-00C04F79EFBC}") = "Physioline.Framework.Application", "Physioline.Framework.Application\Physioline.Framework.Application.csproj", "{0FA3B649-096A-450D-B0F2-1FCE4257C717}"
EndProject
Project("{FAE04EC0-301F-11D3-BF4B-00C04F79EFBC}") = "Physioline.Framework.Infrastructure", "Physioline.Framework.Infrastructure\Physioline.Framework.Infrastructure.csproj", "{79ACFFCF-271B-469D-8C29-4FC3F6F39675}"
EndProject
Project("{FAE04EC0-301F-11D3-BF4B-00C04F79EFBC}") = "TreatmentManagement.ApplicationServices", "TreatmentManagement.ApplicationServices\TreatmentManagement.ApplicationServices.csproj", "{F9906936-F2E3-48AB-8B9B-4F04DCF6654D}"
EndProject
Project("{2150E333-8FDC-42A3-9474-1A3956D46DE8}") = "AccountManagement", "AccountManagement", "{DEA0E56E-B745-46F6-B75F-F230292E3782}"
EndProject
Project("{FAE04EC0-301F-11D3-BF4B-00C04F79EFBC}") = "AccountManagement.Domain", "AccountManagement.Domain\AccountManagement.Domain.csproj", "{080DAB01-6033-4F2E-8280-82A37072E4D5}"
EndProject
Project("{FAE04EC0-301F-11D3-BF4B-00C04F79EFBC}") = "AccountManagement.Infrastructure.Configuration", "AccountManagement.Infrastructure.Configuration\AccountManagement.Infrastructure.Configuration.csproj", "{5ABE2341-FD55-451F-A45C-CB07C617300F}"
EndProject
Project("{FAE04EC0-301F-11D3-BF4B-00C04F79EFBC}") = "AccountManagement.Infrastructure.EntityFrameworkCore", "AccountManagement.Infrastructure.EntityFrameworkCore\AccountManagement.Infrastructure.EntityFrameworkCore.csproj", "{F136C34F-6C26-4E39-ADD8-1C4114CE65AC}"
EndProject
Project("{FAE04EC0-301F-11D3-BF4B-00C04F79EFBC}") = "AccountManagement.ApplicationContracts", "AccountManagement.ApplicationContracts\AccountManagement.ApplicationContracts.csproj", "{A9466476-DA43-468B-9F14-B69EDE4B5D54}"
EndProject
Project("{FAE04EC0-301F-11D3-BF4B-00C04F79EFBC}") = "AccountManagement.ApplicationServices", "AccountManagement.ApplicationServices\AccountManagement.ApplicationServices.csproj", "{7E8C8400-2B3B-476C-970F-ABEAEAA40543}"
EndProject
Global
	GlobalSection(SolutionConfigurationPlatforms) = preSolution
		Debug|Any CPU = Debug|Any CPU
		Release|Any CPU = Release|Any CPU
	EndGlobalSection
	GlobalSection(ProjectConfigurationPlatforms) = postSolution
		{B9C81FA0-A330-4412-91FF-2B3E83C388E3}.Debug|Any CPU.ActiveCfg = Debug|Any CPU
		{B9C81FA0-A330-4412-91FF-2B3E83C388E3}.Debug|Any CPU.Build.0 = Debug|Any CPU
		{B9C81FA0-A330-4412-91FF-2B3E83C388E3}.Release|Any CPU.ActiveCfg = Release|Any CPU
		{B9C81FA0-A330-4412-91FF-2B3E83C388E3}.Release|Any CPU.Build.0 = Release|Any CPU
		{0C5507B4-9DDE-40DE-BB22-26931D9B3E6A}.Debug|Any CPU.ActiveCfg = Debug|Any CPU
		{0C5507B4-9DDE-40DE-BB22-26931D9B3E6A}.Debug|Any CPU.Build.0 = Debug|Any CPU
		{0C5507B4-9DDE-40DE-BB22-26931D9B3E6A}.Release|Any CPU.ActiveCfg = Release|Any CPU
		{0C5507B4-9DDE-40DE-BB22-26931D9B3E6A}.Release|Any CPU.Build.0 = Release|Any CPU
		{60C51EBA-A355-41F5-B9B4-709564FC4684}.Debug|Any CPU.ActiveCfg = Debug|Any CPU
		{60C51EBA-A355-41F5-B9B4-709564FC4684}.Debug|Any CPU.Build.0 = Debug|Any CPU
		{60C51EBA-A355-41F5-B9B4-709564FC4684}.Release|Any CPU.ActiveCfg = Release|Any CPU
		{60C51EBA-A355-41F5-B9B4-709564FC4684}.Release|Any CPU.Build.0 = Release|Any CPU
		{25ACFB9C-8E96-4412-A1FD-E233F412BB09}.Debug|Any CPU.ActiveCfg = Debug|Any CPU
		{25ACFB9C-8E96-4412-A1FD-E233F412BB09}.Debug|Any CPU.Build.0 = Debug|Any CPU
		{25ACFB9C-8E96-4412-A1FD-E233F412BB09}.Release|Any CPU.ActiveCfg = Release|Any CPU
		{25ACFB9C-8E96-4412-A1FD-E233F412BB09}.Release|Any CPU.Build.0 = Release|Any CPU
		{C93DCCE5-634E-4ECD-85D8-907C9374E8FF}.Debug|Any CPU.ActiveCfg = Debug|Any CPU
		{C93DCCE5-634E-4ECD-85D8-907C9374E8FF}.Debug|Any CPU.Build.0 = Debug|Any CPU
		{C93DCCE5-634E-4ECD-85D8-907C9374E8FF}.Release|Any CPU.ActiveCfg = Release|Any CPU
		{C93DCCE5-634E-4ECD-85D8-907C9374E8FF}.Release|Any CPU.Build.0 = Release|Any CPU
		{88A57797-3330-451C-9951-FBE92CB13AAF}.Debug|Any CPU.ActiveCfg = Debug|Any CPU
		{88A57797-3330-451C-9951-FBE92CB13AAF}.Debug|Any CPU.Build.0 = Debug|Any CPU
		{88A57797-3330-451C-9951-FBE92CB13AAF}.Release|Any CPU.ActiveCfg = Release|Any CPU
		{88A57797-3330-451C-9951-FBE92CB13AAF}.Release|Any CPU.Build.0 = Release|Any CPU
		{0FA3B649-096A-450D-B0F2-1FCE4257C717}.Debug|Any CPU.ActiveCfg = Debug|Any CPU
		{0FA3B649-096A-450D-B0F2-1FCE4257C717}.Debug|Any CPU.Build.0 = Debug|Any CPU
		{0FA3B649-096A-450D-B0F2-1FCE4257C717}.Release|Any CPU.ActiveCfg = Release|Any CPU
		{0FA3B649-096A-450D-B0F2-1FCE4257C717}.Release|Any CPU.Build.0 = Release|Any CPU
		{79ACFFCF-271B-469D-8C29-4FC3F6F39675}.Debug|Any CPU.ActiveCfg = Debug|Any CPU
		{79ACFFCF-271B-469D-8C29-4FC3F6F39675}.Debug|Any CPU.Build.0 = Debug|Any CPU
		{79ACFFCF-271B-469D-8C29-4FC3F6F39675}.Release|Any CPU.ActiveCfg = Release|Any CPU
		{79ACFFCF-271B-469D-8C29-4FC3F6F39675}.Release|Any CPU.Build.0 = Release|Any CPU
		{F9906936-F2E3-48AB-8B9B-4F04DCF6654D}.Debug|Any CPU.ActiveCfg = Debug|Any CPU
		{F9906936-F2E3-48AB-8B9B-4F04DCF6654D}.Debug|Any CPU.Build.0 = Debug|Any CPU
		{F9906936-F2E3-48AB-8B9B-4F04DCF6654D}.Release|Any CPU.ActiveCfg = Release|Any CPU
		{F9906936-F2E3-48AB-8B9B-4F04DCF6654D}.Release|Any CPU.Build.0 = Release|Any CPU
		{080DAB01-6033-4F2E-8280-82A37072E4D5}.Debug|Any CPU.ActiveCfg = Debug|Any CPU
		{080DAB01-6033-4F2E-8280-82A37072E4D5}.Debug|Any CPU.Build.0 = Debug|Any CPU
		{080DAB01-6033-4F2E-8280-82A37072E4D5}.Release|Any CPU.ActiveCfg = Release|Any CPU
		{080DAB01-6033-4F2E-8280-82A37072E4D5}.Release|Any CPU.Build.0 = Release|Any CPU
		{5ABE2341-FD55-451F-A45C-CB07C617300F}.Debug|Any CPU.ActiveCfg = Debug|Any CPU
		{5ABE2341-FD55-451F-A45C-CB07C617300F}.Debug|Any CPU.Build.0 = Debug|Any CPU
		{5ABE2341-FD55-451F-A45C-CB07C617300F}.Release|Any CPU.ActiveCfg = Release|Any CPU
		{5ABE2341-FD55-451F-A45C-CB07C617300F}.Release|Any CPU.Build.0 = Release|Any CPU
		{F136C34F-6C26-4E39-ADD8-1C4114CE65AC}.Debug|Any CPU.ActiveCfg = Debug|Any CPU
		{F136C34F-6C26-4E39-ADD8-1C4114CE65AC}.Debug|Any CPU.Build.0 = Debug|Any CPU
		{F136C34F-6C26-4E39-ADD8-1C4114CE65AC}.Release|Any CPU.ActiveCfg = Release|Any CPU
		{F136C34F-6C26-4E39-ADD8-1C4114CE65AC}.Release|Any CPU.Build.0 = Release|Any CPU
		{A9466476-DA43-468B-9F14-B69EDE4B5D54}.Debug|Any CPU.ActiveCfg = Debug|Any CPU
		{A9466476-DA43-468B-9F14-B69EDE4B5D54}.Debug|Any CPU.Build.0 = Debug|Any CPU
		{A9466476-DA43-468B-9F14-B69EDE4B5D54}.Release|Any CPU.ActiveCfg = Release|Any CPU
		{A9466476-DA43-468B-9F14-B69EDE4B5D54}.Release|Any CPU.Build.0 = Release|Any CPU
		{7E8C8400-2B3B-476C-970F-ABEAEAA40543}.Debug|Any CPU.ActiveCfg = Debug|Any CPU
		{7E8C8400-2B3B-476C-970F-ABEAEAA40543}.Debug|Any CPU.Build.0 = Debug|Any CPU
		{7E8C8400-2B3B-476C-970F-ABEAEAA40543}.Release|Any CPU.ActiveCfg = Release|Any CPU
		{7E8C8400-2B3B-476C-970F-ABEAEAA40543}.Release|Any CPU.Build.0 = Release|Any CPU
	EndGlobalSection
	GlobalSection(SolutionProperties) = preSolution
		HideSolutionNode = FALSE
	EndGlobalSection
	GlobalSection(NestedProjects) = preSolution
		{5E773D1D-92D1-415D-923E-5338C6057105} = {C8AD6F98-6317-47F1-B2CE-FEFDF4D231F1}
		{CB8E2704-E120-4D4F-9153-52D9C462BD88} = {C8AD6F98-6317-47F1-B2CE-FEFDF4D231F1}
		{0C5507B4-9DDE-40DE-BB22-26931D9B3E6A} = {CB8E2704-E120-4D4F-9153-52D9C462BD88}
		{C93DCCE5-634E-4ECD-85D8-907C9374E8FF} = {5E773D1D-92D1-415D-923E-5338C6057105}
		{908A9815-6ED8-4B7D-84B9-42E68A3D52FF} = {C8AD6F98-6317-47F1-B2CE-FEFDF4D231F1}
		{B9C81FA0-A330-4412-91FF-2B3E83C388E3} = {908A9815-6ED8-4B7D-84B9-42E68A3D52FF}
		{25ACFB9C-8E96-4412-A1FD-E233F412BB09} = {908A9815-6ED8-4B7D-84B9-42E68A3D52FF}
		{60C51EBA-A355-41F5-B9B4-709564FC4684} = {908A9815-6ED8-4B7D-84B9-42E68A3D52FF}
		{88A57797-3330-451C-9951-FBE92CB13AAF} = {908A9815-6ED8-4B7D-84B9-42E68A3D52FF}
		{0FA3B649-096A-450D-B0F2-1FCE4257C717} = {CB8E2704-E120-4D4F-9153-52D9C462BD88}
		{79ACFFCF-271B-469D-8C29-4FC3F6F39675} = {CB8E2704-E120-4D4F-9153-52D9C462BD88}
		{F9906936-F2E3-48AB-8B9B-4F04DCF6654D} = {908A9815-6ED8-4B7D-84B9-42E68A3D52FF}
		{DEA0E56E-B745-46F6-B75F-F230292E3782} = {C8AD6F98-6317-47F1-B2CE-FEFDF4D231F1}
		{080DAB01-6033-4F2E-8280-82A37072E4D5} = {DEA0E56E-B745-46F6-B75F-F230292E3782}
		{5ABE2341-FD55-451F-A45C-CB07C617300F} = {DEA0E56E-B745-46F6-B75F-F230292E3782}
		{F136C34F-6C26-4E39-ADD8-1C4114CE65AC} = {DEA0E56E-B745-46F6-B75F-F230292E3782}
		{A9466476-DA43-468B-9F14-B69EDE4B5D54} = {DEA0E56E-B745-46F6-B75F-F230292E3782}
		{7E8C8400-2B3B-476C-970F-ABEAEAA40543} = {DEA0E56E-B745-46F6-B75F-F230292E3782}
	EndGlobalSection
	GlobalSection(ExtensibilityGlobals) = postSolution
		SolutionGuid = {7F0970CB-D188-47A9-9CBD-BF890C9E0122}
	EndGlobalSection
EndGlobal
