
Microsoft Visual Studio Solution File, Format Version 12.00
# Visual Studio Version 17
VisualStudioVersion = 17.8.34322.80
MinimumVisualStudioVersion = 10.0.40219.1
Project("{2150E333-8FDC-42A3-9474-1A3956D46DE8}") = "OldSrc", "OldSrc", "{783DA8D3-43B1-4DC9-B589-8DAFC92E9F91}"
EndProject
Project("{2150E333-8FDC-42A3-9474-1A3956D46DE8}") = "Test", "Test", "{0FD654B5-A274-4D41-BA96-6C2A40CB5EAA}"
EndProject
Project("{2150E333-8FDC-42A3-9474-1A3956D46DE8}") = "ExerciseManagement", "ExerciseManagement", "{971AB491-8861-4069-A115-90536D69F01E}"
EndProject
Project("{2150E333-8FDC-42A3-9474-1A3956D46DE8}") = "Shared", "Shared", "{86A63AE8-3DA4-4043-B060-1CE6EE2D84F5}"
EndProject
Project("{FAE04EC0-301F-11D3-BF4B-00C04F79EFBC}") = "Physioline.EM.Domain", "Physioline.EM.Domain\Physioline.EM.Domain.csproj", "{1BAA96E9-A247-485C-8F10-ECAE7F70FD45}"
EndProject
Project("{FAE04EC0-301F-11D3-BF4B-00C04F79EFBC}") = "Physioline.Shared.Domain", "Physioline.Shared.Domain\Physioline.Shared.Domain.csproj", "{DB0469F4-CC57-4C17-B409-BE76DA315F06}"
EndProject
Project("{FAE04EC0-301F-11D3-BF4B-00C04F79EFBC}") = "Physioline.EM.Application.Abstraction", "Physioline.EM.Application.Abstraction\Physioline.EM.Application.Abstraction.csproj", "{69C0AE3F-9862-443C-92CE-6BEB99214679}"
EndProject
Project("{FAE04EC0-301F-11D3-BF4B-00C04F79EFBC}") = "Physioline.Shared.Application", "Physioline.Shared.Application\Physioline.Shared.Application.csproj", "{EC581D46-F054-495F-B130-5BD2795660A5}"
EndProject
Project("{FAE04EC0-301F-11D3-BF4B-00C04F79EFBC}") = "Physioline.EM.Application", "Physioline.EM.Application\Physioline.EM.Application.csproj", "{647EBEEB-D910-437D-A397-7907E3BBF45D}"
EndProject
Project("{FAE04EC0-301F-11D3-BF4B-00C04F79EFBC}") = "Physioline.EM.Infrastructure.EfCore", "Physioline.EM.Infrastructure.EfCore\Physioline.EM.Infrastructure.EfCore.csproj", "{2792AE2B-649A-4574-B789-E34A3F701A30}"
EndProject
Project("{FAE04EC0-301F-11D3-BF4B-00C04F79EFBC}") = "Physioline.EM.Configuration", "Physioline.EM.Configuration\Physioline.EM.Configuration.csproj", "{55378A17-8C53-4E3E-B10E-2DD384BBE479}"
EndProject
Project("{FAE04EC0-301F-11D3-BF4B-00C04F79EFBC}") = "Physioline.Shared.Infrastructure", "Physioline.Shared.Infrastructure\Physioline.Shared.Infrastructure.csproj", "{C769A2D8-CE8F-4A2B-80BB-13AA74651056}"
EndProject
Project("{FAE04EC0-301F-11D3-BF4B-00C04F79EFBC}") = "Physioline.WebApp", "Physioline.WebApp\Physioline.WebApp.csproj", "{3E1D04BE-41CE-4098-8510-BEC866BE03DD}"
EndProject
Project("{2150E333-8FDC-42A3-9474-1A3956D46DE8}") = "src", "src", "{C8AD6F98-6317-47F1-B2CE-FEFDF4D231F1}"
EndProject
Project("{2150E333-8FDC-42A3-9474-1A3956D46DE8}") = "01-Domain", "01-Domain", "{9539C577-3C95-4DC5-962B-314557D17762}"
EndProject
Project("{2150E333-8FDC-42A3-9474-1A3956D46DE8}") = "02-Infrastructure", "02-Infrastructure", "{7786E97E-4B76-4F29-9880-5F53C11641F0}"
EndProject
Project("{2150E333-8FDC-42A3-9474-1A3956D46DE8}") = "03-EndPoint", "03-EndPoint", "{5E773D1D-92D1-415D-923E-5338C6057105}"
EndProject
Project("{FAE04EC0-301F-11D3-BF4B-00C04F79EFBC}") = "Physioline.Domain.Core", "Physioline.Domain.Core\Physioline.Domain.Core.csproj", "{B9C81FA0-A330-4412-91FF-2B3E83C388E3}"
EndProject
Project("{2150E333-8FDC-42A3-9474-1A3956D46DE8}") = "00-Framework", "00-Framework", "{CB8E2704-E120-4D4F-9153-52D9C462BD88}"
EndProject
Project("{FAE04EC0-301F-11D3-BF4B-00C04F79EFBC}") = "Physioline.Framework.Domain", "Physioline.Framework.Domain\Physioline.Framework.Domain.csproj", "{0C5507B4-9DDE-40DE-BB22-26931D9B3E6A}"
EndProject
Project("{FAE04EC0-301F-11D3-BF4B-00C04F79EFBC}") = "Physioline.Domain.Service", "Physioline.Domain.Service\Physioline.Domain.Service.csproj", "{1B929AF8-B6B9-4D67-B1F2-13EB6F856572}"
EndProject
Project("{FAE04EC0-301F-11D3-BF4B-00C04F79EFBC}") = "Physioline.Infrastructure.Efcore", "Physioline.Infrastructure.Efcore\Physioline.Infrastructure.Efcore.csproj", "{60C51EBA-A355-41F5-B9B4-709564FC4684}"
EndProject
Project("{FAE04EC0-301F-11D3-BF4B-00C04F79EFBC}") = "Physioline.Infrastructure.Configuration", "Physioline.Infrastructure.Configuration\Physioline.Infrastructure.Configuration.csproj", "{25ACFB9C-8E96-4412-A1FD-E233F412BB09}"
EndProject
Project("{FAE04EC0-301F-11D3-BF4B-00C04F79EFBC}") = "Physioline.Endpoint.WebAPI", "Physioline.Endpoint.WebAPI\Physioline.Endpoint.WebAPI.csproj", "{1DF69A7D-24AB-459B-A588-80BD8D84F5B6}"
EndProject
Global
	GlobalSection(SolutionConfigurationPlatforms) = preSolution
		Debug|Any CPU = Debug|Any CPU
		Release|Any CPU = Release|Any CPU
	EndGlobalSection
	GlobalSection(ProjectConfigurationPlatforms) = postSolution
		{1BAA96E9-A247-485C-8F10-ECAE7F70FD45}.Debug|Any CPU.ActiveCfg = Debug|Any CPU
		{1BAA96E9-A247-485C-8F10-ECAE7F70FD45}.Debug|Any CPU.Build.0 = Debug|Any CPU
		{1BAA96E9-A247-485C-8F10-ECAE7F70FD45}.Release|Any CPU.ActiveCfg = Release|Any CPU
		{1BAA96E9-A247-485C-8F10-ECAE7F70FD45}.Release|Any CPU.Build.0 = Release|Any CPU
		{DB0469F4-CC57-4C17-B409-BE76DA315F06}.Debug|Any CPU.ActiveCfg = Debug|Any CPU
		{DB0469F4-CC57-4C17-B409-BE76DA315F06}.Debug|Any CPU.Build.0 = Debug|Any CPU
		{DB0469F4-CC57-4C17-B409-BE76DA315F06}.Release|Any CPU.ActiveCfg = Release|Any CPU
		{DB0469F4-CC57-4C17-B409-BE76DA315F06}.Release|Any CPU.Build.0 = Release|Any CPU
		{69C0AE3F-9862-443C-92CE-6BEB99214679}.Debug|Any CPU.ActiveCfg = Debug|Any CPU
		{69C0AE3F-9862-443C-92CE-6BEB99214679}.Debug|Any CPU.Build.0 = Debug|Any CPU
		{69C0AE3F-9862-443C-92CE-6BEB99214679}.Release|Any CPU.ActiveCfg = Release|Any CPU
		{69C0AE3F-9862-443C-92CE-6BEB99214679}.Release|Any CPU.Build.0 = Release|Any CPU
		{EC581D46-F054-495F-B130-5BD2795660A5}.Debug|Any CPU.ActiveCfg = Debug|Any CPU
		{EC581D46-F054-495F-B130-5BD2795660A5}.Debug|Any CPU.Build.0 = Debug|Any CPU
		{EC581D46-F054-495F-B130-5BD2795660A5}.Release|Any CPU.ActiveCfg = Release|Any CPU
		{EC581D46-F054-495F-B130-5BD2795660A5}.Release|Any CPU.Build.0 = Release|Any CPU
		{647EBEEB-D910-437D-A397-7907E3BBF45D}.Debug|Any CPU.ActiveCfg = Debug|Any CPU
		{647EBEEB-D910-437D-A397-7907E3BBF45D}.Debug|Any CPU.Build.0 = Debug|Any CPU
		{647EBEEB-D910-437D-A397-7907E3BBF45D}.Release|Any CPU.ActiveCfg = Release|Any CPU
		{647EBEEB-D910-437D-A397-7907E3BBF45D}.Release|Any CPU.Build.0 = Release|Any CPU
		{2792AE2B-649A-4574-B789-E34A3F701A30}.Debug|Any CPU.ActiveCfg = Debug|Any CPU
		{2792AE2B-649A-4574-B789-E34A3F701A30}.Debug|Any CPU.Build.0 = Debug|Any CPU
		{2792AE2B-649A-4574-B789-E34A3F701A30}.Release|Any CPU.ActiveCfg = Release|Any CPU
		{2792AE2B-649A-4574-B789-E34A3F701A30}.Release|Any CPU.Build.0 = Release|Any CPU
		{55378A17-8C53-4E3E-B10E-2DD384BBE479}.Debug|Any CPU.ActiveCfg = Debug|Any CPU
		{55378A17-8C53-4E3E-B10E-2DD384BBE479}.Debug|Any CPU.Build.0 = Debug|Any CPU
		{55378A17-8C53-4E3E-B10E-2DD384BBE479}.Release|Any CPU.ActiveCfg = Release|Any CPU
		{55378A17-8C53-4E3E-B10E-2DD384BBE479}.Release|Any CPU.Build.0 = Release|Any CPU
		{C769A2D8-CE8F-4A2B-80BB-13AA74651056}.Debug|Any CPU.ActiveCfg = Debug|Any CPU
		{C769A2D8-CE8F-4A2B-80BB-13AA74651056}.Debug|Any CPU.Build.0 = Debug|Any CPU
		{C769A2D8-CE8F-4A2B-80BB-13AA74651056}.Release|Any CPU.ActiveCfg = Release|Any CPU
		{C769A2D8-CE8F-4A2B-80BB-13AA74651056}.Release|Any CPU.Build.0 = Release|Any CPU
		{3E1D04BE-41CE-4098-8510-BEC866BE03DD}.Debug|Any CPU.ActiveCfg = Debug|Any CPU
		{3E1D04BE-41CE-4098-8510-BEC866BE03DD}.Debug|Any CPU.Build.0 = Debug|Any CPU
		{3E1D04BE-41CE-4098-8510-BEC866BE03DD}.Release|Any CPU.ActiveCfg = Release|Any CPU
		{3E1D04BE-41CE-4098-8510-BEC866BE03DD}.Release|Any CPU.Build.0 = Release|Any CPU
		{B9C81FA0-A330-4412-91FF-2B3E83C388E3}.Debug|Any CPU.ActiveCfg = Debug|Any CPU
		{B9C81FA0-A330-4412-91FF-2B3E83C388E3}.Debug|Any CPU.Build.0 = Debug|Any CPU
		{B9C81FA0-A330-4412-91FF-2B3E83C388E3}.Release|Any CPU.ActiveCfg = Release|Any CPU
		{B9C81FA0-A330-4412-91FF-2B3E83C388E3}.Release|Any CPU.Build.0 = Release|Any CPU
		{0C5507B4-9DDE-40DE-BB22-26931D9B3E6A}.Debug|Any CPU.ActiveCfg = Debug|Any CPU
		{0C5507B4-9DDE-40DE-BB22-26931D9B3E6A}.Debug|Any CPU.Build.0 = Debug|Any CPU
		{0C5507B4-9DDE-40DE-BB22-26931D9B3E6A}.Release|Any CPU.ActiveCfg = Release|Any CPU
		{0C5507B4-9DDE-40DE-BB22-26931D9B3E6A}.Release|Any CPU.Build.0 = Release|Any CPU
		{1B929AF8-B6B9-4D67-B1F2-13EB6F856572}.Debug|Any CPU.ActiveCfg = Debug|Any CPU
		{1B929AF8-B6B9-4D67-B1F2-13EB6F856572}.Debug|Any CPU.Build.0 = Debug|Any CPU
		{1B929AF8-B6B9-4D67-B1F2-13EB6F856572}.Release|Any CPU.ActiveCfg = Release|Any CPU
		{1B929AF8-B6B9-4D67-B1F2-13EB6F856572}.Release|Any CPU.Build.0 = Release|Any CPU
		{60C51EBA-A355-41F5-B9B4-709564FC4684}.Debug|Any CPU.ActiveCfg = Debug|Any CPU
		{60C51EBA-A355-41F5-B9B4-709564FC4684}.Debug|Any CPU.Build.0 = Debug|Any CPU
		{60C51EBA-A355-41F5-B9B4-709564FC4684}.Release|Any CPU.ActiveCfg = Release|Any CPU
		{60C51EBA-A355-41F5-B9B4-709564FC4684}.Release|Any CPU.Build.0 = Release|Any CPU
		{25ACFB9C-8E96-4412-A1FD-E233F412BB09}.Debug|Any CPU.ActiveCfg = Debug|Any CPU
		{25ACFB9C-8E96-4412-A1FD-E233F412BB09}.Debug|Any CPU.Build.0 = Debug|Any CPU
		{25ACFB9C-8E96-4412-A1FD-E233F412BB09}.Release|Any CPU.ActiveCfg = Release|Any CPU
		{25ACFB9C-8E96-4412-A1FD-E233F412BB09}.Release|Any CPU.Build.0 = Release|Any CPU
		{1DF69A7D-24AB-459B-A588-80BD8D84F5B6}.Debug|Any CPU.ActiveCfg = Debug|Any CPU
		{1DF69A7D-24AB-459B-A588-80BD8D84F5B6}.Debug|Any CPU.Build.0 = Debug|Any CPU
		{1DF69A7D-24AB-459B-A588-80BD8D84F5B6}.Release|Any CPU.ActiveCfg = Release|Any CPU
		{1DF69A7D-24AB-459B-A588-80BD8D84F5B6}.Release|Any CPU.Build.0 = Release|Any CPU
	EndGlobalSection
	GlobalSection(SolutionProperties) = preSolution
		HideSolutionNode = FALSE
	EndGlobalSection
	GlobalSection(NestedProjects) = preSolution
		{971AB491-8861-4069-A115-90536D69F01E} = {783DA8D3-43B1-4DC9-B589-8DAFC92E9F91}
		{86A63AE8-3DA4-4043-B060-1CE6EE2D84F5} = {783DA8D3-43B1-4DC9-B589-8DAFC92E9F91}
		{1BAA96E9-A247-485C-8F10-ECAE7F70FD45} = {971AB491-8861-4069-A115-90536D69F01E}
		{DB0469F4-CC57-4C17-B409-BE76DA315F06} = {86A63AE8-3DA4-4043-B060-1CE6EE2D84F5}
		{69C0AE3F-9862-443C-92CE-6BEB99214679} = {971AB491-8861-4069-A115-90536D69F01E}
		{EC581D46-F054-495F-B130-5BD2795660A5} = {86A63AE8-3DA4-4043-B060-1CE6EE2D84F5}
		{647EBEEB-D910-437D-A397-7907E3BBF45D} = {971AB491-8861-4069-A115-90536D69F01E}
		{2792AE2B-649A-4574-B789-E34A3F701A30} = {971AB491-8861-4069-A115-90536D69F01E}
		{55378A17-8C53-4E3E-B10E-2DD384BBE479} = {971AB491-8861-4069-A115-90536D69F01E}
		{C769A2D8-CE8F-4A2B-80BB-13AA74651056} = {86A63AE8-3DA4-4043-B060-1CE6EE2D84F5}
		{3E1D04BE-41CE-4098-8510-BEC866BE03DD} = {783DA8D3-43B1-4DC9-B589-8DAFC92E9F91}
		{9539C577-3C95-4DC5-962B-314557D17762} = {C8AD6F98-6317-47F1-B2CE-FEFDF4D231F1}
		{7786E97E-4B76-4F29-9880-5F53C11641F0} = {C8AD6F98-6317-47F1-B2CE-FEFDF4D231F1}
		{5E773D1D-92D1-415D-923E-5338C6057105} = {C8AD6F98-6317-47F1-B2CE-FEFDF4D231F1}
		{B9C81FA0-A330-4412-91FF-2B3E83C388E3} = {9539C577-3C95-4DC5-962B-314557D17762}
		{CB8E2704-E120-4D4F-9153-52D9C462BD88} = {C8AD6F98-6317-47F1-B2CE-FEFDF4D231F1}
		{0C5507B4-9DDE-40DE-BB22-26931D9B3E6A} = {CB8E2704-E120-4D4F-9153-52D9C462BD88}
		{1B929AF8-B6B9-4D67-B1F2-13EB6F856572} = {9539C577-3C95-4DC5-962B-314557D17762}
		{60C51EBA-A355-41F5-B9B4-709564FC4684} = {7786E97E-4B76-4F29-9880-5F53C11641F0}
		{25ACFB9C-8E96-4412-A1FD-E233F412BB09} = {7786E97E-4B76-4F29-9880-5F53C11641F0}
		{1DF69A7D-24AB-459B-A588-80BD8D84F5B6} = {5E773D1D-92D1-415D-923E-5338C6057105}
	EndGlobalSection
	GlobalSection(ExtensibilityGlobals) = postSolution
		SolutionGuid = {7F0970CB-D188-47A9-9CBD-BF890C9E0122}
	EndGlobalSection
EndGlobal
